
Microsoft Visual Studio Solution File, Format Version 12.00
# Visual Studio Version 16
VisualStudioVersion = 16.0.29806.167
MinimumVisualStudioVersion = 15.0.26124.0
Project("{FAE04EC0-301F-11D3-BF4B-00C04F79EFBC}") = "TextifyLibrary", "TextifyLibrary\TextifyLibrary.csproj", "{77DD344C-439C-4CAF-965D-9E5C285140BE}"
EndProject
Project("{FAE04EC0-301F-11D3-BF4B-00C04F79EFBC}") = "textify-images", "textify-images\textify-images.csproj", "{3017D72C-DB6D-43C5-81AA-5604D4F0F867}"
EndProject
Global
	GlobalSection(SolutionConfigurationPlatforms) = preSolution
		Debug|Any CPU = Debug|Any CPU
		Debug|x64 = Debug|x64
		Debug|x86 = Debug|x86
		Release|Any CPU = Release|Any CPU
		Release|x64 = Release|x64
		Release|x86 = Release|x86
	EndGlobalSection
	GlobalSection(ProjectConfigurationPlatforms) = postSolution
		{77DD344C-439C-4CAF-965D-9E5C285140BE}.Debug|Any CPU.ActiveCfg = Debug|Any CPU
		{77DD344C-439C-4CAF-965D-9E5C285140BE}.Debug|Any CPU.Build.0 = Debug|Any CPU
		{77DD344C-439C-4CAF-965D-9E5C285140BE}.Debug|x64.ActiveCfg = Debug|Any CPU
		{77DD344C-439C-4CAF-965D-9E5C285140BE}.Debug|x64.Build.0 = Debug|Any CPU
		{77DD344C-439C-4CAF-965D-9E5C285140BE}.Debug|x86.ActiveCfg = Debug|Any CPU
		{77DD344C-439C-4CAF-965D-9E5C285140BE}.Debug|x86.Build.0 = Debug|Any CPU
		{77DD344C-439C-4CAF-965D-9E5C285140BE}.Release|Any CPU.ActiveCfg = Release|Any CPU
		{77DD344C-439C-4CAF-965D-9E5C285140BE}.Release|Any CPU.Build.0 = Release|Any CPU
		{77DD344C-439C-4CAF-965D-9E5C285140BE}.Release|x64.ActiveCfg = Release|Any CPU
		{77DD344C-439C-4CAF-965D-9E5C285140BE}.Release|x64.Build.0 = Release|Any CPU
		{77DD344C-439C-4CAF-965D-9E5C285140BE}.Release|x86.ActiveCfg = Release|Any CPU
		{77DD344C-439C-4CAF-965D-9E5C285140BE}.Release|x86.Build.0 = Release|Any CPU
		{3017D72C-DB6D-43C5-81AA-5604D4F0F867}.Debug|Any CPU.ActiveCfg = Debug|Any CPU
		{3017D72C-DB6D-43C5-81AA-5604D4F0F867}.Debug|Any CPU.Build.0 = Debug|Any CPU
		{3017D72C-DB6D-43C5-81AA-5604D4F0F867}.Debug|x64.ActiveCfg = Debug|Any CPU
		{3017D72C-DB6D-43C5-81AA-5604D4F0F867}.Debug|x64.Build.0 = Debug|Any CPU
		{3017D72C-DB6D-43C5-81AA-5604D4F0F867}.Debug|x86.ActiveCfg = Debug|Any CPU
		{3017D72C-DB6D-43C5-81AA-5604D4F0F867}.Debug|x86.Build.0 = Debug|Any CPU
		{3017D72C-DB6D-43C5-81AA-5604D4F0F867}.Release|Any CPU.ActiveCfg = Release|Any CPU
		{3017D72C-DB6D-43C5-81AA-5604D4F0F867}.Release|Any CPU.Build.0 = Release|Any CPU
		{3017D72C-DB6D-43C5-81AA-5604D4F0F867}.Release|x64.ActiveCfg = Release|Any CPU
		{3017D72C-DB6D-43C5-81AA-5604D4F0F867}.Release|x64.Build.0 = Release|Any CPU
		{3017D72C-DB6D-43C5-81AA-5604D4F0F867}.Release|x86.ActiveCfg = Release|Any CPU
		{3017D72C-DB6D-43C5-81AA-5604D4F0F867}.Release|x86.Build.0 = Release|Any CPU
	EndGlobalSection
	GlobalSection(SolutionProperties) = preSolution
		HideSolutionNode = FALSE
	EndGlobalSection
	GlobalSection(ExtensibilityGlobals) = postSolution
		SolutionGuid = {D7F4A92B-A540-4012-9ED8-7F501B257162}
	EndGlobalSection
EndGlobal
